// !$*UTF8*$!
{
	archiveVersion = 1;
	classes = {
	};
	objectVersion = 50;
	objects = {

/* Begin PBXBuildFile section */
		5E3801DC20DA711600130F7E /* AppDelegate.swift in Sources */ = {isa = PBXBuildFile; fileRef = 5E3801DB20DA711600130F7E /* AppDelegate.swift */; };
		5E3801DE20DA711600130F7E /* ViewController.swift in Sources */ = {isa = PBXBuildFile; fileRef = 5E3801DD20DA711600130F7E /* ViewController.swift */; };
		5E3801E120DA711600130F7E /* Main.storyboard in Resources */ = {isa = PBXBuildFile; fileRef = 5E3801DF20DA711600130F7E /* Main.storyboard */; };
		5E3801E320DA711700130F7E /* Assets.xcassets in Resources */ = {isa = PBXBuildFile; fileRef = 5E3801E220DA711700130F7E /* Assets.xcassets */; };
		5E3801E620DA711700130F7E /* LaunchScreen.storyboard in Resources */ = {isa = PBXBuildFile; fileRef = 5E3801E420DA711700130F7E /* LaunchScreen.storyboard */; };
		5E7E30D620DA79E300BD340C /* RMGradientView.swift in Sources */ = {isa = PBXBuildFile; fileRef = 5E7E30D520DA79E300BD340C /* RMGradientView.swift */; };
		5EBC8294224D338200F55E58 /* RMGradientViewTests.swift in Sources */ = {isa = PBXBuildFile; fileRef = 5EBC8293224D338200F55E58 /* RMGradientViewTests.swift */; };
/* End PBXBuildFile section */

/* Begin PBXContainerItemProxy section */
		5EBC8296224D338200F55E58 /* PBXContainerItemProxy */ = {
			isa = PBXContainerItemProxy;
			containerPortal = 5E3801D020DA711600130F7E /* Project object */;
			proxyType = 1;
			remoteGlobalIDString = 5E3801D720DA711600130F7E;
			remoteInfo = RMGradientView;
		};
/* End PBXContainerItemProxy section */

/* Begin PBXFileReference section */
		5E3801D820DA711600130F7E /* RMGradientView.app */ = {isa = PBXFileReference; explicitFileType = wrapper.application; includeInIndex = 0; path = RMGradientView.app; sourceTree = BUILT_PRODUCTS_DIR; };
		5E3801DB20DA711600130F7E /* AppDelegate.swift */ = {isa = PBXFileReference; lastKnownFileType = sourcecode.swift; path = AppDelegate.swift; sourceTree = "<group>"; };
		5E3801DD20DA711600130F7E /* ViewController.swift */ = {isa = PBXFileReference; lastKnownFileType = sourcecode.swift; path = ViewController.swift; sourceTree = "<group>"; };
		5E3801E020DA711600130F7E /* Base */ = {isa = PBXFileReference; lastKnownFileType = file.storyboard; name = Base; path = Base.lproj/Main.storyboard; sourceTree = "<group>"; };
		5E3801E220DA711700130F7E /* Assets.xcassets */ = {isa = PBXFileReference; lastKnownFileType = folder.assetcatalog; path = Assets.xcassets; sourceTree = "<group>"; };
		5E3801E520DA711700130F7E /* Base */ = {isa = PBXFileReference; lastKnownFileType = file.storyboard; name = Base; path = Base.lproj/LaunchScreen.storyboard; sourceTree = "<group>"; };
		5E3801E720DA711700130F7E /* Info.plist */ = {isa = PBXFileReference; lastKnownFileType = text.plist.xml; path = Info.plist; sourceTree = "<group>"; };
		5E7E30D520DA79E300BD340C /* RMGradientView.swift */ = {isa = PBXFileReference; fileEncoding = 4; lastKnownFileType = sourcecode.swift; path = RMGradientView.swift; sourceTree = "<group>"; };
		5EBC8291224D338200F55E58 /* RMGradientViewTests.xctest */ = {isa = PBXFileReference; explicitFileType = wrapper.cfbundle; includeInIndex = 0; path = RMGradientViewTests.xctest; sourceTree = BUILT_PRODUCTS_DIR; };
		5EBC8293224D338200F55E58 /* RMGradientViewTests.swift */ = {isa = PBXFileReference; lastKnownFileType = sourcecode.swift; path = RMGradientViewTests.swift; sourceTree = "<group>"; };
		5EBC8295224D338200F55E58 /* Info.plist */ = {isa = PBXFileReference; lastKnownFileType = text.plist.xml; path = Info.plist; sourceTree = "<group>"; };
/* End PBXFileReference section */

/* Begin PBXFrameworksBuildPhase section */
		5E3801D520DA711600130F7E /* Frameworks */ = {
			isa = PBXFrameworksBuildPhase;
			buildActionMask = 2147483647;
			files = (
			);
			runOnlyForDeploymentPostprocessing = 0;
		};
		5EBC828E224D338200F55E58 /* Frameworks */ = {
			isa = PBXFrameworksBuildPhase;
			buildActionMask = 2147483647;
			files = (
			);
			runOnlyForDeploymentPostprocessing = 0;
		};
/* End PBXFrameworksBuildPhase section */

/* Begin PBXGroup section */
		5E3801CF20DA711600130F7E = {
			isa = PBXGroup;
			children = (
				5E7E30D420DA79E300BD340C /* Classes */,
				5E3801DA20DA711600130F7E /* RMGradientView */,
				5EBC8292224D338200F55E58 /* RMGradientViewTests */,
				5E3801D920DA711600130F7E /* Products */,
			);
			sourceTree = "<group>";
		};
		5E3801D920DA711600130F7E /* Products */ = {
			isa = PBXGroup;
			children = (
				5E3801D820DA711600130F7E /* RMGradientView.app */,
				5EBC8291224D338200F55E58 /* RMGradientViewTests.xctest */,
			);
			name = Products;
			sourceTree = "<group>";
		};
		5E3801DA20DA711600130F7E /* RMGradientView */ = {
			isa = PBXGroup;
			children = (
				5E3801DB20DA711600130F7E /* AppDelegate.swift */,
				5E3801DD20DA711600130F7E /* ViewController.swift */,
				5E3801DF20DA711600130F7E /* Main.storyboard */,
				5E3801E220DA711700130F7E /* Assets.xcassets */,
				5E3801E420DA711700130F7E /* LaunchScreen.storyboard */,
				5E3801E720DA711700130F7E /* Info.plist */,
			);
			path = RMGradientView;
			sourceTree = "<group>";
		};
		5E7E30D420DA79E300BD340C /* Classes */ = {
			isa = PBXGroup;
			children = (
				5E7E30D520DA79E300BD340C /* RMGradientView.swift */,
			);
			name = Classes;
			path = ../Classes;
			sourceTree = "<group>";
		};
		5EBC8292224D338200F55E58 /* RMGradientViewTests */ = {
			isa = PBXGroup;
			children = (
				5EBC8293224D338200F55E58 /* RMGradientViewTests.swift */,
				5EBC8295224D338200F55E58 /* Info.plist */,
			);
			path = RMGradientViewTests;
			sourceTree = "<group>";
		};
/* End PBXGroup section */

/* Begin PBXNativeTarget section */
		5E3801D720DA711600130F7E /* RMGradientView */ = {
			isa = PBXNativeTarget;
			buildConfigurationList = 5E3801EA20DA711700130F7E /* Build configuration list for PBXNativeTarget "RMGradientView" */;
			buildPhases = (
				5E3801D420DA711600130F7E /* Sources */,
				5E3801D520DA711600130F7E /* Frameworks */,
				5E3801D620DA711600130F7E /* Resources */,
			);
			buildRules = (
			);
			dependencies = (
			);
			name = RMGradientView;
			productName = RMGradientView;
			productReference = 5E3801D820DA711600130F7E /* RMGradientView.app */;
			productType = "com.apple.product-type.application";
		};
		5EBC8290224D338200F55E58 /* RMGradientViewTests */ = {
			isa = PBXNativeTarget;
			buildConfigurationList = 5EBC829A224D338200F55E58 /* Build configuration list for PBXNativeTarget "RMGradientViewTests" */;
			buildPhases = (
				5EBC828D224D338200F55E58 /* Sources */,
				5EBC828E224D338200F55E58 /* Frameworks */,
				5EBC828F224D338200F55E58 /* Resources */,
			);
			buildRules = (
			);
			dependencies = (
				5EBC8297224D338200F55E58 /* PBXTargetDependency */,
			);
			name = RMGradientViewTests;
			productName = RMGradientViewTests;
			productReference = 5EBC8291224D338200F55E58 /* RMGradientViewTests.xctest */;
			productType = "com.apple.product-type.bundle.unit-test";
		};
/* End PBXNativeTarget section */

/* Begin PBXProject section */
		5E3801D020DA711600130F7E /* Project object */ = {
			isa = PBXProject;
			attributes = {
				LastSwiftUpdateCheck = 1010;
				LastUpgradeCheck = 0930;
				ORGANIZATIONNAME = "Rukshan Marapana";
				TargetAttributes = {
					5E3801D720DA711600130F7E = {
						CreatedOnToolsVersion = 9.3;
					};
					5EBC8290224D338200F55E58 = {
						CreatedOnToolsVersion = 10.1;
						TestTargetID = 5E3801D720DA711600130F7E;
					};
				};
			};
			buildConfigurationList = 5E3801D320DA711600130F7E /* Build configuration list for PBXProject "RMGradientView" */;
			compatibilityVersion = "Xcode 9.3";
			developmentRegion = en;
			hasScannedForEncodings = 0;
			knownRegions = (
				en,
				Base,
			);
			mainGroup = 5E3801CF20DA711600130F7E;
			productRefGroup = 5E3801D920DA711600130F7E /* Products */;
			projectDirPath = "";
			projectRoot = "";
			targets = (
				5E3801D720DA711600130F7E /* RMGradientView */,
				5EBC8290224D338200F55E58 /* RMGradientViewTests */,
			);
		};
/* End PBXProject section */

/* Begin PBXResourcesBuildPhase section */
		5E3801D620DA711600130F7E /* Resources */ = {
			isa = PBXResourcesBuildPhase;
			buildActionMask = 2147483647;
			files = (
				5E3801E620DA711700130F7E /* LaunchScreen.storyboard in Resources */,
				5E3801E320DA711700130F7E /* Assets.xcassets in Resources */,
				5E3801E120DA711600130F7E /* Main.storyboard in Resources */,
			);
			runOnlyForDeploymentPostprocessing = 0;
		};
		5EBC828F224D338200F55E58 /* Resources */ = {
			isa = PBXResourcesBuildPhase;
			buildActionMask = 2147483647;
			files = (
			);
			runOnlyForDeploymentPostprocessing = 0;
		};
/* End PBXResourcesBuildPhase section */

/* Begin PBXSourcesBuildPhase section */
		5E3801D420DA711600130F7E /* Sources */ = {
			isa = PBXSourcesBuildPhase;
			buildActionMask = 2147483647;
			files = (
				5E3801DE20DA711600130F7E /* ViewController.swift in Sources */,
				5E3801DC20DA711600130F7E /* AppDelegate.swift in Sources */,
				5E7E30D620DA79E300BD340C /* RMGradientView.swift in Sources */,
			);
			runOnlyForDeploymentPostprocessing = 0;
		};
		5EBC828D224D338200F55E58 /* Sources */ = {
			isa = PBXSourcesBuildPhase;
			buildActionMask = 2147483647;
			files = (
				5EBC8294224D338200F55E58 /* RMGradientViewTests.swift in Sources */,
			);
			runOnlyForDeploymentPostprocessing = 0;
		};
/* End PBXSourcesBuildPhase section */

/* Begin PBXTargetDependency section */
		5EBC8297224D338200F55E58 /* PBXTargetDependency */ = {
			isa = PBXTargetDependency;
			target = 5E3801D720DA711600130F7E /* RMGradientView */;
			targetProxy = 5EBC8296224D338200F55E58 /* PBXContainerItemProxy */;
		};
/* End PBXTargetDependency section */

/* Begin PBXVariantGroup section */
		5E3801DF20DA711600130F7E /* Main.storyboard */ = {
			isa = PBXVariantGroup;
			children = (
				5E3801E020DA711600130F7E /* Base */,
			);
			name = Main.storyboard;
			sourceTree = "<group>";
		};
		5E3801E420DA711700130F7E /* LaunchScreen.storyboard */ = {
			isa = PBXVariantGroup;
			children = (
				5E3801E520DA711700130F7E /* Base */,
			);
			name = LaunchScreen.storyboard;
			sourceTree = "<group>";
		};
/* End PBXVariantGroup section */

/* Begin XCBuildConfiguration section */
		5E3801E820DA711700130F7E /* Debug */ = {
			isa = XCBuildConfiguration;
			buildSettings = {
				ALWAYS_SEARCH_USER_PATHS = NO;
				CLANG_ANALYZER_NONNULL = YES;
				CLANG_ANALYZER_NUMBER_OBJECT_CONVERSION = YES_AGGRESSIVE;
				CLANG_CXX_LANGUAGE_STANDARD = "gnu++14";
				CLANG_CXX_LIBRARY = "libc++";
				CLANG_ENABLE_MODULES = YES;
				CLANG_ENABLE_OBJC_ARC = YES;
				CLANG_ENABLE_OBJC_WEAK = YES;
				CLANG_WARN_BLOCK_CAPTURE_AUTORELEASING = YES;
				CLANG_WARN_BOOL_CONVERSION = YES;
				CLANG_WARN_COMMA = YES;
				CLANG_WARN_CONSTANT_CONVERSION = YES;
				CLANG_WARN_DEPRECATED_OBJC_IMPLEMENTATIONS = YES;
				CLANG_WARN_DIRECT_OBJC_ISA_USAGE = YES_ERROR;
				CLANG_WARN_DOCUMENTATION_COMMENTS = YES;
				CLANG_WARN_EMPTY_BODY = YES;
				CLANG_WARN_ENUM_CONVERSION = YES;
				CLANG_WARN_INFINITE_RECURSION = YES;
				CLANG_WARN_INT_CONVERSION = YES;
				CLANG_WARN_NON_LITERAL_NULL_CONVERSION = YES;
				CLANG_WARN_OBJC_IMPLICIT_RETAIN_SELF = YES;
				CLANG_WARN_OBJC_LITERAL_CONVERSION = YES;
				CLANG_WARN_OBJC_ROOT_CLASS = YES_ERROR;
				CLANG_WARN_RANGE_LOOP_ANALYSIS = YES;
				CLANG_WARN_STRICT_PROTOTYPES = YES;
				CLANG_WARN_SUSPICIOUS_MOVE = YES;
				CLANG_WARN_UNGUARDED_AVAILABILITY = YES_AGGRESSIVE;
				CLANG_WARN_UNREACHABLE_CODE = YES;
				CLANG_WARN__DUPLICATE_METHOD_MATCH = YES;
				CODE_SIGN_IDENTITY = "iPhone Developer";
				COPY_PHASE_STRIP = NO;
				DEBUG_INFORMATION_FORMAT = dwarf;
				ENABLE_STRICT_OBJC_MSGSEND = YES;
				ENABLE_TESTABILITY = YES;
				GCC_C_LANGUAGE_STANDARD = gnu11;
				GCC_DYNAMIC_NO_PIC = NO;
				GCC_NO_COMMON_BLOCKS = YES;
				GCC_OPTIMIZATION_LEVEL = 0;
				GCC_PREPROCESSOR_DEFINITIONS = (
					"DEBUG=1",
					"$(inherited)",
				);
				GCC_WARN_64_TO_32_BIT_CONVERSION = YES;
				GCC_WARN_ABOUT_RETURN_TYPE = YES_ERROR;
				GCC_WARN_UNDECLARED_SELECTOR = YES;
				GCC_WARN_UNINITIALIZED_AUTOS = YES_AGGRESSIVE;
				GCC_WARN_UNUSED_FUNCTION = YES;
				GCC_WARN_UNUSED_VARIABLE = YES;
				IPHONEOS_DEPLOYMENT_TARGET = 11.3;
				MTL_ENABLE_DEBUG_INFO = YES;
				ONLY_ACTIVE_ARCH = YES;
				SDKROOT = iphoneos;
				SWIFT_ACTIVE_COMPILATION_CONDITIONS = DEBUG;
				SWIFT_OPTIMIZATION_LEVEL = "-Onone";
			};
			name = Debug;
		};
		5E3801E920DA711700130F7E /* Release */ = {
			isa = XCBuildConfiguration;
			buildSettings = {
				ALWAYS_SEARCH_USER_PATHS = NO;
				CLANG_ANALYZER_NONNULL = YES;
				CLANG_ANALYZER_NUMBER_OBJECT_CONVERSION = YES_AGGRESSIVE;
				CLANG_CXX_LANGUAGE_STANDARD = "gnu++14";
				CLANG_CXX_LIBRARY = "libc++";
				CLANG_ENABLE_MODULES = YES;
				CLANG_ENABLE_OBJC_ARC = YES;
				CLANG_ENABLE_OBJC_WEAK = YES;
				CLANG_WARN_BLOCK_CAPTURE_AUTORELEASING = YES;
				CLANG_WARN_BOOL_CONVERSION = YES;
				CLANG_WARN_COMMA = YES;
				CLANG_WARN_CONSTANT_CONVERSION = YES;
				CLANG_WARN_DEPRECATED_OBJC_IMPLEMENTATIONS = YES;
				CLANG_WARN_DIRECT_OBJC_ISA_USAGE = YES_ERROR;
				CLANG_WARN_DOCUMENTATION_COMMENTS = YES;
				CLANG_WARN_EMPTY_BODY = YES;
				CLANG_WARN_ENUM_CONVERSION = YES;
				CLANG_WARN_INFINITE_RECURSION = YES;
				CLANG_WARN_INT_CONVERSION = YES;
				CLANG_WARN_NON_LITERAL_NULL_CONVERSION = YES;
				CLANG_WARN_OBJC_IMPLICIT_RETAIN_SELF = YES;
				CLANG_WARN_OBJC_LITERAL_CONVERSION = YES;
				CLANG_WARN_OBJC_ROOT_CLASS = YES_ERROR;
				CLANG_WARN_RANGE_LOOP_ANALYSIS = YES;
				CLANG_WARN_STRICT_PROTOTYPES = YES;
				CLANG_WARN_SUSPICIOUS_MOVE = YES;
				CLANG_WARN_UNGUARDED_AVAILABILITY = YES_AGGRESSIVE;
				CLANG_WARN_UNREACHABLE_CODE = YES;
				CLANG_WARN__DUPLICATE_METHOD_MATCH = YES;
				CODE_SIGN_IDENTITY = "iPhone Developer";
				COPY_PHASE_STRIP = NO;
				DEBUG_INFORMATION_FORMAT = "dwarf-with-dsym";
				ENABLE_NS_ASSERTIONS = NO;
				ENABLE_STRICT_OBJC_MSGSEND = YES;
				GCC_C_LANGUAGE_STANDARD = gnu11;
				GCC_NO_COMMON_BLOCKS = YES;
				GCC_WARN_64_TO_32_BIT_CONVERSION = YES;
				GCC_WARN_ABOUT_RETURN_TYPE = YES_ERROR;
				GCC_WARN_UNDECLARED_SELECTOR = YES;
				GCC_WARN_UNINITIALIZED_AUTOS = YES_AGGRESSIVE;
				GCC_WARN_UNUSED_FUNCTION = YES;
				GCC_WARN_UNUSED_VARIABLE = YES;
				IPHONEOS_DEPLOYMENT_TARGET = 11.3;
				MTL_ENABLE_DEBUG_INFO = NO;
				SDKROOT = iphoneos;
				SWIFT_COMPILATION_MODE = wholemodule;
				SWIFT_OPTIMIZATION_LEVEL = "-O";
				VALIDATE_PRODUCT = YES;
			};
			name = Release;
		};
		5E3801EB20DA711700130F7E /* Debug */ = {
			isa = XCBuildConfiguration;
			buildSettings = {
				ASSETCATALOG_COMPILER_APPICON_NAME = AppIcon;
				CODE_SIGN_IDENTITY = "iPhone Developer";
				CODE_SIGN_STYLE = Automatic;
				DEVELOPMENT_TEAM = 62TM9F73ME;
				INFOPLIST_FILE = RMGradientView/Info.plist;
				LD_RUNPATH_SEARCH_PATHS = (
					"$(inherited)",
					"@executable_path/Frameworks",
				);
				PRODUCT_BUNDLE_IDENTIFIER = com.appnotized.RMGradientView;
				PRODUCT_NAME = "$(TARGET_NAME)";
				PROVISIONING_PROFILE_SPECIFIER = "";
				SWIFT_VERSION = 4.0;
				TARGETED_DEVICE_FAMILY = "1,2";
			};
			name = Debug;
		};
		5E3801EC20DA711700130F7E /* Release */ = {
			isa = XCBuildConfiguration;
			buildSettings = {
				ASSETCATALOG_COMPILER_APPICON_NAME = AppIcon;
				CODE_SIGN_IDENTITY = "iPhone Developer";
				CODE_SIGN_STYLE = Automatic;
				DEVELOPMENT_TEAM = 62TM9F73ME;
				INFOPLIST_FILE = RMGradientView/Info.plist;
				LD_RUNPATH_SEARCH_PATHS = (
					"$(inherited)",
					"@executable_path/Frameworks",
				);
				PRODUCT_BUNDLE_IDENTIFIER = com.appnotized.RMGradientView;
				PRODUCT_NAME = "$(TARGET_NAME)";
				PROVISIONING_PROFILE_SPECIFIER = "";
				SWIFT_VERSION = 4.0;
				TARGETED_DEVICE_FAMILY = "1,2";
			};
			name = Release;
		};
		5EBC8298224D338200F55E58 /* Debug */ = {
			isa = XCBuildConfiguration;
			buildSettings = {
				BUNDLE_LOADER = "$(TEST_HOST)";
				CODE_SIGN_STYLE = Automatic;
				DEVELOPMENT_TEAM = 62TM9F73ME;
				INFOPLIST_FILE = RMGradientViewTests/Info.plist;
				IPHONEOS_DEPLOYMENT_TARGET = 12.1;
				LD_RUNPATH_SEARCH_PATHS = (
					"$(inherited)",
					"@executable_path/Frameworks",
					"@loader_path/Frameworks",
				);
				MTL_ENABLE_DEBUG_INFO = INCLUDE_SOURCE;
				MTL_FAST_MATH = YES;
				PRODUCT_BUNDLE_IDENTIFIER = com.appnotized.RMGradientViewTests;
				PRODUCT_NAME = "$(TARGET_NAME)";
				SWIFT_VERSION = 4.2;
				TARGETED_DEVICE_FAMILY = "1,2";
				TEST_HOST = "$(BUILT_PRODUCTS_DIR)/RMGradientView.app/RMGradientView";
			};
			name = Debug;
		};
		5EBC8299224D338200F55E58 /* Release */ = {
			isa = XCBuildConfiguration;
			buildSettings = {
				BUNDLE_LOADER = "$(TEST_HOST)";
				CODE_SIGN_STYLE = Automatic;
				DEVELOPMENT_TEAM = 62TM9F73ME;
				INFOPLIST_FILE = RMGradientViewTests/Info.plist;
				IPHONEOS_DEPLOYMENT_TARGET = 12.1;
				LD_RUNPATH_SEARCH_PATHS = (
					"$(inherited)",
					"@executable_path/Frameworks",
					"@loader_path/Frameworks",
				);
				MTL_FAST_MATH = YES;
				PRODUCT_BUNDLE_IDENTIFIER = com.appnotized.RMGradientViewTests;
				PRODUCT_NAME = "$(TARGET_NAME)";
				SWIFT_VERSION = 4.2;
				TARGETED_DEVICE_FAMILY = "1,2";
				TEST_HOST = "$(BUILT_PRODUCTS_DIR)/RMGradientView.app/RMGradientView";
			};
			name = Release;
		};
/* End XCBuildConfiguration section */

/* Begin XCConfigurationList section */
		5E3801D320DA711600130F7E /* Build configuration list for PBXProject "RMGradientView" */ = {
			isa = XCConfigurationList;
			buildConfigurations = (
				5E3801E820DA711700130F7E /* Debug */,
				5E3801E920DA711700130F7E /* Release */,
			);
			defaultConfigurationIsVisible = 0;
			defaultConfigurationName = Release;
		};
		5E3801EA20DA711700130F7E /* Build configuration list for PBXNativeTarget "RMGradientView" */ = {
			isa = XCConfigurationList;
			buildConfigurations = (
				5E3801EB20DA711700130F7E /* Debug */,
				5E3801EC20DA711700130F7E /* Release */,
			);
			defaultConfigurationIsVisible = 0;
			defaultConfigurationName = Release;
		};
		5EBC829A224D338200F55E58 /* Build configuration list for PBXNativeTarget "RMGradientViewTests" */ = {
			isa = XCConfigurationList;
			buildConfigurations = (
				5EBC8298224D338200F55E58 /* Debug */,
				5EBC8299224D338200F55E58 /* Release */,
			);
			defaultConfigurationIsVisible = 0;
			defaultConfigurationName = Release;
		};
/* End XCConfigurationList section */
	};
	rootObject = 5E3801D020DA711600130F7E /* Project object */;
}
